[[package]]
name = "isbnid"
version = "0.4.6"
summary = "Python ISBN ids"

[[package]]
name = "lml"
version = "0.1.0"
summary = "Load me later. A lazy plugin management system."

[[package]]
name = "lxml"
version = "5.2.1"
requires_python = ">=3.6"
summary = "Powerful and Pythonic XML processing library combining libxml2/libxslt with the ElementTree API."

[[package]]
name = "pyexcel-ezodf"
version = "0.3.4"
summary = "A Python package to create/manipulate OpenDocumentFormat files"
dependencies = [
    "lxml",
]

[[package]]
name = "pyexcel-io"
version = "0.6.6"
requires_python = ">=3.6"
summary = "A python library to read and write structured data in csv, zipped csvformat and to/from databases"
dependencies = [
    "lml>=0.0.4",
]

[[package]]
name = "pyexcel-ods3"
version = "0.6.1"
requires_python = ">=3.6"
summary = "A wrapper library to read, manipulate and write data in ods format"
dependencies = [
    "lxml",
    "pyexcel-ezodf>=0.3.3",
    "pyexcel-io>=0.6.2",
]

[metadata]
lock_version = "4.0"
content_hash = "sha256:626be5072dfc2555b65944c74ff2da55876cde6d49aa7c4fc1f4384c500fe3b4"

[metadata.files]
"isbnid 0.4.6" = [
    {url = "https://files.pythonhosted.org/packages/0e/b6/f08c04c23c6faa3b5e77cf4c9f2f12d97b0772e68615625fd59851243770/isbnid-0.4.6.tar.gz", hash = "sha256:2b2f9868b4a9ccb701b198a7839765bde852a5b790407fed5da2a518ea6608ce"},
]
"lml 0.1.0" = [
    {url = "https://files.pythonhosted.org/packages/10/76/b0967eae4af4b7ea22e8b8ece6f7655fb6a3f4f49428f41910f53a552e1e/lml-0.1.0-py2.py3-none-any.whl", hash = "sha256:ec06e850019942a485639c8c2a26bdb99eae24505bee7492b649df98a0bed101"},
    {url = "https://files.pythonhosted.org/packages/c5/5a/006d93401d382f82584711c848826ac24bce9d79eb19d25da9cf1d783815/lml-0.1.0.tar.gz", hash = "sha256:57a085a29bb7991d70d41c6c3144c560a8e35b4c1030ffb36d85fa058773bcc5"},
]
"lxml 5.2.1" = [
    {url = "https://files.pythonhosted.org/packages/05/7c/899457a8ec19a6d3d4b0160bba1f3c42a68793a1e72b3649bc0aa9a4837a/lxml-5.2.1-cp39-cp39-musllinux_1_2_s390x.whl", hash = "sha256:7a7efd5b6d3e30d81ec68ab8a88252d7c7c6f13aaa875009fe3097eb4e30b84c"},
    {url = "https://files.pythonhosted.org/packages/07/99/681ee4f6aa7b79ce9c3401611ca8390596065723b7ba90c7db189959fb5e/lxml-5.2.1-cp312-cp312-musllinux_1_2_ppc64le.whl", hash = "sha256:057cdc6b86ab732cf361f8b4d8af87cf195a1f6dc5b0ff3de2dced242c2015e0"},
    {url = "https://files.pythonhosted.org/packages/0a/05/b2a33fcb19c445f679338f5f79ab308b017740e8ad9eecf35eef234673e0/lxml-5.2.1-cp37-cp37m-manylinux_2_12_i686.manylinux2010_i686.manylinux_2_17_i686.manylinux2014_i686.whl", hash = "sha256:56c22432809085b3f3ae04e6e7bdd36883d7258fcd90e53ba7b2e463efc7a6af"},
    {url = "https://files.pythonhosted.org/packages/0a/30/5be58b119d4e82f903b7d15e04f0148361df582e5611b13e4d0702327407/lxml-5.2.1-cp39-cp39-musllinux_1_1_x86_64.whl", hash = "sha256:ff46d772d5f6f73564979cd77a4fffe55c916a05f3cb70e7c9c0590059fb29ef"},
    {url = "https://files.pythonhosted.org/packages/0b/88/92ba489b430bd39a16acc706f4f2d62293bd1b5d267b00bf66540ea87c7a/lxml-5.2.1-pp39-pypy39_pp73-manylinux_2_17_aarch64.manylinux2014_aarch64.whl", hash = "sha256:f8aca2e3a72f37bfc7b14ba96d4056244001ddcc18382bd0daa087fd2e68a354"},
    {url = "https://files.pythonhosted.org/packages/0d/40/9faa4d02fa2aafac46f714ed7a980d8b8733c2ae8a539028808da1c62c5e/lxml-5.2.1-cp310-cp310-manylinux_2_17_ppc64le.manylinux2014_ppc64le.whl", hash = "sha256:2213afee476546a7f37c7a9b4ad4d74b1e112a6fafffc9185d6d21f043128c81"},
    {url = "https://files.pythonhosted.org/packages/0f/56/c5055b95bd4f76be8c1524a39d66f0b59f6428e0b06cd81a6e22442c548c/lxml-5.2.1-cp310-cp310-manylinux_2_28_ppc64le.whl", hash = "sha256:d7520db34088c96cc0e0a3ad51a4fd5b401f279ee112aa2b7f8f976d8582606d"},
    {url = "https://files.pythonhosted.org/packages/12/17/98894686e7aaa5f5168a293ae87dac53ab81363f5cd68f6991a336b8f360/lxml-5.2.1-cp39-cp39-win32.whl", hash = "sha256:644df54d729ef810dcd0f7732e50e5ad1bd0a135278ed8d6bcb06f33b6b6f708"},
    {url = "https://files.pythonhosted.org/packages/12/9b/a91b1b79847ec8d00f971fcf0d44f9f6f748be5296bdbc7951013d4be49a/lxml-5.2.1-cp310-cp310-musllinux_1_2_s390x.whl", hash = "sha256:31e9a882013c2f6bd2f2c974241bf4ba68c85eba943648ce88936d23209a2e01"},
    {url = "https://files.pythonhosted.org/packages/13/bd/6f00037d5a76d440080e1789e2b1ce5af3e95c8837dbd093d410d27329f3/lxml-5.2.1-cp39-cp39-musllinux_1_2_aarch64.whl", hash = "sha256:96323338e6c14e958d775700ec8a88346014a85e5de73ac7967db0367582049b"},
    {url = "https://files.pythonhosted.org/packages/15/e2/84850d643534c55cbb053721948f1ce6622c14d98bdd824d04a49e20faee/lxml-5.2.1-cp311-cp311-musllinux_1_1_ppc64le.whl", hash = "sha256:ab31a88a651039a07a3ae327d68ebdd8bc589b16938c09ef3f32a4b809dc96ef"},
    {url = "https://files.pythonhosted.org/packages/16/a2/413cd64a26bd168469056977ee322b735b69028bdb6b873a4811f6fbb462/lxml-5.2.1-cp36-cp36m-win32.whl", hash = "sha256:e89580a581bf478d8dcb97d9cd011d567768e8bc4095f8557b21c4d4c5fea7d0"},
    {url = "https://files.pythonhosted.org/packages/18/27/22aa10cecf56cb0d6d90b0791096e7c71dbd16e88a5ba37eba6ccbd7d114/lxml-5.2.1-cp39-cp39-manylinux_2_17_aarch64.manylinux2014_aarch64.whl", hash = "sha256:feaa45c0eae424d3e90d78823f3828e7dc42a42f21ed420db98da2c4ecf0a2cb"},
    {url = "https://files.pythonhosted.org/packages/18/8a/a48f075d6ce6b1c3917f4f7bef3061e719f4084c041a796d6a9a8f3c68e9/lxml-5.2.1-cp37-cp37m-musllinux_1_1_x86_64.whl", hash = "sha256:3dbe858ee582cbb2c6294dc85f55b5f19c918c2597855e950f34b660f1a5ede6"},
    {url = "https://files.pythonhosted.org/packages/18/99/0a7ab38bca13028381a9534f9228c6b04ab64f0be0a76cf94f680d0ec4ef/lxml-5.2.1-cp310-cp310-manylinux_2_28_aarch64.whl", hash = "sha256:3dc773b2861b37b41a6136e0b72a1a44689a9c4c101e0cddb6b854016acc0aa8"},
    {url = "https://files.pythonhosted.org/packages/1d/c0/90fc73386e5a428873baba67dff2dfb5bba7e04852ba2cfd7860834bf03e/lxml-5.2.1-cp36-cp36m-musllinux_1_1_aarch64.whl", hash = "sha256:2a66bf12fbd4666dd023b6f51223aed3d9f3b40fef06ce404cb75bafd3d89536"},
    {url = "https://files.pythonhosted.org/packages/1f/a6/880a56f4a33700c24658a54609e6bf659d84b43dc007053cf6e417e0e667/lxml-5.2.1-cp312-cp312-macosx_10_9_x86_64.whl", hash = "sha256:6935bbf153f9a965f1e07c2649c0849d29832487c52bb4a5c5066031d8b44fd5"},
    {url = "https://files.pythonhosted.org/packages/21/a3/a53dc17a51b86c148952ee41afd9e2828b6c30e4ae133598d648ff905bce/lxml-5.2.1-cp36-cp36m-macosx_10_9_x86_64.whl", hash = "sha256:70a9768e1b9d79edca17890175ba915654ee1725975d69ab64813dd785a2bd5c"},
    {url = "https://files.pythonhosted.org/packages/21/ed/0f7780234347f63e1c16eafd0df785b402c8f4333fa8ea2680732206e317/lxml-5.2.1-pp39-pypy39_pp73-win_amd64.whl", hash = "sha256:d3be9b2076112e51b323bdf6d5a7f8a798de55fb8d95fcb64bd179460cdc0704"},
    {url = "https://files.pythonhosted.org/packages/25/13/6be6821e9aa13eacdc8ddc2c8906003151b8bf2bb98b59dad75344d63aa6/lxml-5.2.1-cp311-cp311-musllinux_1_1_s390x.whl", hash = "sha256:df2e6f546c4df14bc81f9498bbc007fbb87669f1bb707c6138878c46b06f6510"},
    {url = "https://files.pythonhosted.org/packages/27/a7/75fb1eb9e4437333a23b5bd406773a4303f12b6f01bd3d0daf333def79e8/lxml-5.2.1-cp311-cp311-manylinux_2_28_s390x.whl", hash = "sha256:e196a4ff48310ba62e53a8e0f97ca2bca83cdd2fe2934d8b5cb0df0a841b193a"},
    {url = "https://files.pythonhosted.org/packages/28/16/ee0af9b5b7a52c540dbf1f446f2c50d2ffe453c6bb841a2bc1f46fdb179c/lxml-5.2.1-cp38-cp38-musllinux_1_2_ppc64le.whl", hash = "sha256:64641a6068a16201366476731301441ce93457eb8452056f570133a6ceb15fca"},
    {url = "https://files.pythonhosted.org/packages/28/86/7ccde8a9513bf8e7efab41f2601dc8d62bc52c79fcaca15475f3e7266ed3/lxml-5.2.1-cp37-cp37m-musllinux_1_2_aarch64.whl", hash = "sha256:04ab5415bf6c86e0518d57240a96c4d1fcfc3cb370bb2ac2a732b67f579e5a04"},
    {url = "https://files.pythonhosted.org/packages/29/10/4d64f96167e4492f1087a9269b371c420fd6ee2308454cff2199af14de27/lxml-5.2.1-cp311-cp311-manylinux_2_17_x86_64.manylinux2014_x86_64.whl", hash = "sha256:764b521b75701f60683500d8621841bec41a65eb739b8466000c6fdbc256c240"},
    {url = "https://files.pythonhosted.org/packages/2a/84/8d447150a2eeb600e34dc443521d8426a76d685f0c3b18da5ea7e0aaa5cb/lxml-5.2.1-cp310-cp310-manylinux_2_17_x86_64.manylinux2014_x86_64.whl", hash = "sha256:e02c5175f63effbd7c5e590399c118d5db6183bbfe8e0d118bdb5c2d1b48d937"},
    {url = "https://files.pythonhosted.org/packages/2b/4f/d76c433d7465b6e19d286a34cef4cecb9d793ba0bb226cb67292af8bb107/lxml-5.2.1-cp37-cp37m-manylinux_2_17_x86_64.manylinux2014_x86_64.whl", hash = "sha256:a55ee573116ba208932e2d1a037cc4b10d2c1cb264ced2184d00b18ce585b2c0"},
    {url = "https://files.pythonhosted.org/packages/2c/31/7b87ea1701bb6c400bd124ddc73ba3019c1e3ed2c97fc14d711c55c3830d/lxml-5.2.1-pp310-pypy310_pp73-manylinux_2_28_aarch64.whl", hash = "sha256:3249cc2989d9090eeac5467e50e9ec2d40704fea9ab72f36b034ea34ee65ca98"},
    {url = "https://files.pythonhosted.org/packages/2d/3b/16a14eef29671f44b432eb97867e1c37e3953256fbc40c6d8a8e7e76b675/lxml-5.2.1-cp312-cp312-musllinux_1_1_s390x.whl", hash = "sha256:865bad62df277c04beed9478fe665b9ef63eb28fe026d5dedcb89b537d2e2ea6"},
    {url = "https://files.pythonhosted.org/packages/31/44/b8f8572081490846e41905bd0485ddaf1499dbd6569292f523252a0f557a/lxml-5.2.1-cp39-cp39-manylinux_2_17_s390x.manylinux2014_s390x.whl", hash = "sha256:853e074d4931dbcba7480d4dcab23d5c56bd9607f92825ab80ee2bd916edea53"},
    {url = "https://files.pythonhosted.org/packages/33/4d/fb44446f5b55e844ad2e262551e7a5034843bf9db9c6c6036d6bedcd5082/lxml-5.2.1-cp36-cp36m-musllinux_1_2_ppc64le.whl", hash = "sha256:21c2e6b09565ba5b45ae161b438e033a86ad1736b8c838c766146eff8ceffff9"},
    {url = "https://files.pythonhosted.org/packages/34/ab/e6eb4db91910f053e6840693cd97c10ffa9f96cc9b340914e462c973d256/lxml-5.2.1-cp39-cp39-manylinux_2_28_x86_64.whl", hash = "sha256:b6787b643356111dfd4032b5bffe26d2f8331556ecb79e15dacb9275da02866e"},
    {url = "https://files.pythonhosted.org/packages/35/54/3f709456183cd10aedd047525a307d136c7f210b13dbfedb905c83355115/lxml-5.2.1-cp310-cp310-musllinux_1_2_x86_64.whl", hash = "sha256:0a15438253b34e6362b2dc41475e7f80de76320f335e70c5528b7148cac253a1"},
    {url = "https://files.pythonhosted.org/packages/36/9b/b0f5598cc1273a59a753df742cb22b5b45cdc7ff187771e16bf13fff8ac8/lxml-5.2.1-cp39-cp39-macosx_10_9_universal2.whl", hash = "sha256:cf22b41fdae514ee2f1691b6c3cdeae666d8b7fa9434de445f12bbeee0cf48dd"},
    {url = "https://files.pythonhosted.org/packages/37/a5/7b2e6152aefa0632871f77a202bb68eac52037e4498a6901be0f0458ffdc/lxml-5.2.1-cp312-cp312-win_amd64.whl", hash = "sha256:f2a9efc53d5b714b8df2b4b3e992accf8ce5bbdfe544d74d5c6766c9e1146a3a"},
    {url = "https://files.pythonhosted.org/packages/38/f6/32f13ac4813d386e85e3c7303705a8541b532d89b17ce2d7db78c1e9f41b/lxml-5.2.1-cp311-cp311-musllinux_1_2_aarch64.whl", hash = "sha256:9b9ec9c9978b708d488bec36b9e4c94d88fd12ccac3e62134a9d17ddba910ea9"},
    {url = "https://files.pythonhosted.org/packages/3b/43/92d375c2a21b32773b8b38e9a07aaf5609d6e8630bc2c9fa27a4cee03413/lxml-5.2.1-cp37-cp37m-win_amd64.whl", hash = "sha256:b0b58fbfa1bf7367dde8a557994e3b1637294be6cf2169810375caf8571a085c"},
    {url = "https://files.pythonhosted.org/packages/3b/fe/36b0f97404b720b5bb5167ef77710ef129c7f94b7e7551f5cc9f3e3b01fb/lxml-5.2.1-cp312-cp312-manylinux_2_17_s390x.manylinux2014_s390x.whl", hash = "sha256:530e7c04f72002d2f334d5257c8a51bf409db0316feee7c87e4385043be136af"},
    {url = "https://files.pythonhosted.org/packages/3d/bf/949337354dd47c2b872e2f6388be4bcf0081064ee0cbc82fb2bd2c22995c/lxml-5.2.1-cp37-cp37m-musllinux_1_1_s390x.whl", hash = "sha256:7221d49259aa1e5a8f00d3d28b1e0b76031655ca74bb287123ef56c3db92f213"},
    {url = "https://files.pythonhosted.org/packages/40/63/569ac75892f52a342f5dcc501e888b62b54fab615a014b929556b9ac7547/lxml-5.2.1-pp38-pypy38_pp73-manylinux_2_28_aarch64.whl", hash = "sha256:3d0c3dd24bb4605439bf91068598d00c6370684f8de4a67c2992683f6c309d6b"},
    {url = "https://files.pythonhosted.org/packages/42/42/a90c93ba366b74359218446655bc59656af0272f5d872d958977ee15641d/lxml-5.2.1-cp310-cp310-macosx_10_9_x86_64.whl", hash = "sha256:6cc6ee342fb7fa2471bd9b6d6fdfc78925a697bf5c2bcd0a302e98b0d35bfad3"},
    {url = "https://files.pythonhosted.org/packages/42/9f/6f11bc63b81c3c7a0fd3bcc585ebdceb49ac019f2d556a909f2cef90d58d/lxml-5.2.1-cp310-cp310-manylinux_2_17_aarch64.manylinux2014_aarch64.whl", hash = "sha256:c817d420c60a5183953c783b0547d9eb43b7b344a2c46f69513d5952a78cddf3"},
    {url = "https://files.pythonhosted.org/packages/43/43/66a84c2a034f5df2782240cb2f68696a72ad6734d7a91f824e0360cde08b/lxml-5.2.1-cp311-cp311-macosx_10_9_universal2.whl", hash = "sha256:70ac664a48aa64e5e635ae5566f5227f2ab7f66a3990d67566d9907edcbbf867"},
    {url = "https://files.pythonhosted.org/packages/44/24/71569e51c09088ee599ac44046671813459b1b7e94f8bcbe7e2e52f4ed6d/lxml-5.2.1-cp37-cp37m-macosx_10_9_x86_64.whl", hash = "sha256:857500f88b17a6479202ff5fe5f580fc3404922cd02ab3716197adf1ef628029"},
    {url = "https://files.pythonhosted.org/packages/48/a7/f29f44b3bf76b05ca3b6a5e748844abe08922e6ae3cb4c90d2d3265f62ff/lxml-5.2.1-cp310-cp310-musllinux_1_1_aarch64.whl", hash = "sha256:1c5bb205e9212d0ebddf946bc07e73fa245c864a5f90f341d11ce7b0b854475d"},
    {url = "https://files.pythonhosted.org/packages/48/d8/f96b195eb364c3a0ebd9f5917c28b4558700020b1f5b715a18dfd77fdedd/lxml-5.2.1-cp37-cp37m-musllinux_1_1_aarch64.whl", hash = "sha256:64c2baa7774bc22dd4474248ba16fe1a7f611c13ac6123408694d4cc93d66dbd"},
    {url = "https://files.pythonhosted.org/packages/49/36/376574a1ac472c39a6ccc376f2d77f93dc58acc348e8f1d3eb8fa7dc1ae1/lxml-5.2.1-cp312-cp312-win32.whl", hash = "sha256:8de8f9d6caa7f25b204fc861718815d41cbcf27ee8f028c89c882a0cf4ae4134"},
    {url = "https://files.pythonhosted.org/packages/4a/6c/a0d195a7630339eb0127e20aacb1184330064cb809fdf771c1bab5caf170/lxml-5.2.1-cp312-cp312-manylinux_2_17_aarch64.manylinux2014_aarch64.whl", hash = "sha256:afd5562927cdef7c4f5550374acbc117fd4ecc05b5007bdfa57cc5355864e0a4"},
    {url = "https://files.pythonhosted.org/packages/4d/00/05e536765b04e4bceeeb5f6fe7b742956a02db70049e33e40af24a9fc5bc/lxml-5.2.1-cp38-cp38-musllinux_1_2_s390x.whl", hash = "sha256:78bfa756eab503673991bdcf464917ef7845a964903d3302c5f68417ecdc948c"},
    {url = "https://files.pythonhosted.org/packages/4f/18/f0a8e3048bb2c05cc355c72a88ec12437d8b1beac7cb4a00eb93ab55f469/lxml-5.2.1-cp310-cp310-manylinux_2_17_s390x.manylinux2014_s390x.whl", hash = "sha256:b070bbe8d3f0f6147689bed981d19bbb33070225373338df755a46893528104a"},
    {url = "https://files.pythonhosted.org/packages/4f/64/fa14006c8f955ae4ec47f556ffc18091c5ed4343d475a80c83c063b38438/lxml-5.2.1-cp311-cp311-musllinux_1_2_x86_64.whl", hash = "sha256:c94e75445b00319c1fad60f3c98b09cd63fe1134a8a953dcd48989ef42318534"},
    {url = "https://files.pythonhosted.org/packages/4f/f2/fed3e99ec54abbda69ffd5dab9c0e50e3e2ee6096e17c5891522dc2ebf4a/lxml-5.2.1-cp39-cp39-manylinux_2_28_aarch64.whl", hash = "sha256:beb72935a941965c52990f3a32d7f07ce869fe21c6af8b34bf6a277b33a345d3"},
    {url = "https://files.pythonhosted.org/packages/50/13/edc871e53f88860fc9495ca15d180407e3cb84c7c3bc9a4d5b6965a973f4/lxml-5.2.1-cp310-cp310-win32.whl", hash = "sha256:6992030d43b916407c9aa52e9673612ff39a575523c5f4cf72cdef75365709a5"},
    {url = "https://files.pythonhosted.org/packages/50/e2/a0c188cd68d9859355655d6f6f2d4501c39fddec2adfa7d5af4af0ef6068/lxml-5.2.1-cp39-cp39-macosx_10_9_x86_64.whl", hash = "sha256:ec42088248c596dbd61d4ae8a5b004f97a4d91a9fd286f632e42e60b706718d7"},
    {url = "https://files.pythonhosted.org/packages/51/6b/51e2aefccfc7f21f3d5cf1135ba61a6a01f7b461d28f1a39fb580165853b/lxml-5.2.1-pp37-pypy37_pp73-macosx_10_9_x86_64.whl", hash = "sha256:622020d4521e22fb371e15f580d153134bfb68d6a429d1342a25f051ec72df1c"},
    {url = "https://files.pythonhosted.org/packages/52/82/04cc05851d414417f0404625bf217de4b9d82651a501e59f85ad9e52d8de/lxml-5.2.1-cp311-cp311-manylinux_2_17_aarch64.manylinux2014_aarch64.whl", hash = "sha256:c6f2c8372b98208ce609c9e1d707f6918cc118fea4e2c754c9f0812c04ca116d"},
    {url = "https://files.pythonhosted.org/packages/52/bf/9e09f2fe40d099b0cb52261989a2b782c0ecad48d4d2200d95e64a00f3e4/lxml-5.2.1-pp38-pypy38_pp73-manylinux_2_17_x86_64.manylinux2014_x86_64.whl", hash = "sha256:0f5d65c39f16717a47c36c756af0fb36144069c4718824b7533f803ecdf91138"},
    {url = "https://files.pythonhosted.org/packages/59/8f/518bd0c5b25adb8c0b0d0b2c2eb350f7bc6641d6f40b0feaa34619402109/lxml-5.2.1-cp38-cp38-musllinux_1_1_ppc64le.whl", hash = "sha256:417d14450f06d51f363e41cace6488519038f940676ce9664b34ebf5653433a5"},
    {url = "https://files.pythonhosted.org/packages/59/b9/469df493509f66138dd8b2137dfec378db19bdb089c6e35cb3d148b99488/lxml-5.2.1-cp38-cp38-manylinux_2_28_x86_64.whl", hash = "sha256:058a1308914f20784c9f4674036527e7c04f7be6fb60f5d61353545aa7fcb739"},
    {url = "https://files.pythonhosted.org/packages/5a/b8/63f5fb6f8902a9973804693419b0cbf3ae1b9fb548488e125931855cb9ea/lxml-5.2.1-pp310-pypy310_pp73-manylinux_2_17_aarch64.manylinux2014_aarch64.whl", hash = "sha256:fd6037392f2d57793ab98d9e26798f44b8b4da2f2464388588f48ac52c489ea1"},
    {url = "https://files.pythonhosted.org/packages/5b/75/c94747eb3043abf75410481c3df8b038bbe8fa764e4df3d780f09ef84e41/lxml-5.2.1-cp39-cp39-manylinux_2_28_ppc64le.whl", hash = "sha256:6588c459c5627fefa30139be4d2e28a2c2a1d0d1c265aad2ba1935a7863a4913"},
    {url = "https://files.pythonhosted.org/packages/5c/41/e0391ffffd68e4bcd6ca60fa4694941bf9583bd18bc0827ede5d60021e50/lxml-5.2.1-cp312-cp312-manylinux_2_28_ppc64le.whl", hash = "sha256:3a74c4f27167cb95c1d4af1c0b59e88b7f3e0182138db2501c353555f7ec57f4"},
    {url = "https://files.pythonhosted.org/packages/5c/a3/fda21d82a80912eba14a4a1495e25712aec2ad652eeaaf8cfa8f87eceddb/lxml-5.2.1-cp311-cp311-musllinux_1_1_x86_64.whl", hash = "sha256:5dd1537e7cc06efd81371f5d1a992bd5ab156b2b4f88834ca852de4a8ea523fa"},
    {url = "https://files.pythonhosted.org/packages/5d/e8/3772d7adeeeb0a91acb8b271efd1076a399a85219c779933660eaafc2ec4/lxml-5.2.1-cp36-cp36m-musllinux_1_2_x86_64.whl", hash = "sha256:627402ad8dea044dde2eccde4370560a2b750ef894c9578e1d4f8ffd54000461"},
    {url = "https://files.pythonhosted.org/packages/60/cc/5da8e739ee63b7e6232d69f769259fd74cde01cbb7e3d9311f0ef7414eb9/lxml-5.2.1-cp312-cp312-musllinux_1_2_s390x.whl", hash = "sha256:f3bbbc998d42f8e561f347e798b85513ba4da324c2b3f9b7969e9c45b10f6169"},
    {url = "https://files.pythonhosted.org/packages/61/8a/a0a71720da1c61fd6a55a1962ec1280cebc4552c319efe744c8aa99d28c5/lxml-5.2.1-cp310-cp310-manylinux_2_28_x86_64.whl", hash = "sha256:a2b44bec7adf3e9305ce6cbfa47a4395667e744097faed97abb4728748ba7d47"},
    {url = "https://files.pythonhosted.org/packages/62/d2/9137e350126538b89acfdf48ec4bf752e4e9ec627baefc74fa7c6d385281/lxml-5.2.1-pp38-pypy38_pp73-macosx_10_9_x86_64.whl", hash = "sha256:5aea8212fb823e006b995c4dda533edcf98a893d941f173f6c9506126188860d"},
    {url = "https://files.pythonhosted.org/packages/63/cf/a4cc99c310e17aff7f9c72f9ce3bf2c91f584968fa98e8d62d2abe0ada6f/lxml-5.2.1-cp36-cp36m-musllinux_1_1_ppc64le.whl", hash = "sha256:9123716666e25b7b71c4e1789ec829ed18663152008b58544d95b008ed9e21e9"},
    {url = "https://files.pythonhosted.org/packages/64/8f/3218eb5ab4965b2a8bef85fbee99b1c03e3b851890bf14e04a72ebe7beab/lxml-5.2.1-cp311-cp311-manylinux_2_28_ppc64le.whl", hash = "sha256:5ea7b6766ac2dfe4bcac8b8595107665a18ef01f8c8343f00710b85096d1b53a"},
    {url = "https://files.pythonhosted.org/packages/65/04/b895658bd5c26203802ac197ce674fa9d1ce494559cf06db4fd19230526a/lxml-5.2.1-cp310-cp310-macosx_10_9_universal2.whl", hash = "sha256:1f7785f4f789fdb522729ae465adcaa099e2a3441519df750ebdccc481d961a1"},
    {url = "https://files.pythonhosted.org/packages/6b/5c/71be2527b4dca98366c920460dfcdba9b5ac3f4be44e5e6f2883e90ffffe/lxml-5.2.1-cp36-cp36m-musllinux_1_2_s390x.whl", hash = "sha256:afbbdb120d1e78d2ba8064a68058001b871154cc57787031b645c9142b937a62"},
    {url = "https://files.pythonhosted.org/packages/6e/27/5775154626e0898a82dba7a7ee8bb503c78f64d33e56c3a031bd1bf4e336/lxml-5.2.1-cp311-cp311-manylinux_2_28_aarch64.whl", hash = "sha256:3a6b45da02336895da82b9d472cd274b22dc27a5cea1d4b793874eead23dd14f"},
    {url = "https://files.pythonhosted.org/packages/6e/cc/4302b62bccb7f645e851c80ab6216faa1a7aa023bc2eb818408a08b42f2f/lxml-5.2.1-cp310-cp310-musllinux_1_1_ppc64le.whl", hash = "sha256:2c9d147f754b1b0e723e6afb7ba1566ecb162fe4ea657f53d2139bbf894d050a"},
    {url = "https://files.pythonhosted.org/packages/70/b3/0075896ef76fbd12f614948ba4e38d5180c23618a0f84757585b57656d73/lxml-5.2.1-cp36-cp36m-manylinux_2_28_x86_64.whl", hash = "sha256:958244ad566c3ffc385f47dddde4145088a0ab893504b54b52c041987a8c1863"},
    {url = "https://files.pythonhosted.org/packages/71/a6/733dc617906a3921cbaf59ccb889a48cc8038ef228d774033c5c84ae5baf/lxml-5.2.1-cp312-cp312-manylinux_2_12_i686.manylinux2010_i686.manylinux_2_17_i686.manylinux2014_i686.whl", hash = "sha256:d793bebb202a6000390a5390078e945bbb49855c29c7e4d56a85901326c3b5d9"},
    {url = "https://files.pythonhosted.org/packages/72/ec/1b53fe8f13c2c98b8a3b099612e9285c46cfe7965db67ee8641ae3b13b65/lxml-5.2.1-cp39-cp39-manylinux_2_12_i686.manylinux2010_i686.manylinux_2_17_i686.manylinux2014_i686.whl", hash = "sha256:cd53553ddad4a9c2f1f022756ae64abe16da1feb497edf4d9f87f99ec7cf86bd"},
    {url = "https://files.pythonhosted.org/packages/75/39/c6ba744031c974168860b8f4a158a3a8fc7d0dce20c043f240a2feb17a1d/lxml-5.2.1-pp39-pypy39_pp73-manylinux_2_17_x86_64.manylinux2014_x86_64.whl", hash = "sha256:5ca1e8188b26a819387b29c3895c47a5e618708fe6f787f3b1a471de2c4a94d9"},
    {url = "https://files.pythonhosted.org/packages/77/b0/13cdbcdbd59c83b9050c11dde4609e85c3cbe2fd331f473f530949a1373b/lxml-5.2.1-cp312-cp312-musllinux_1_1_x86_64.whl", hash = "sha256:44f6c7caff88d988db017b9b0e4ab04934f11e3e72d478031efc7edcac6c622f"},
    {url = "https://files.pythonhosted.org/packages/78/cf/8459dfc93c5f39645cb3a6e4c74dcaf7450b112655c76a29b04db5eb791d/lxml-5.2.1-cp38-cp38-manylinux_2_17_aarch64.manylinux2014_aarch64.whl", hash = "sha256:0f8c09ed18ecb4ebf23e02b8e7a22a05d6411911e6fabef3a36e4f371f4f2585"},
    {url = "https://files.pythonhosted.org/packages/79/e9/108e1ed5694fb60ad05198a3498f3179a093263eda50d2097a55957f5a05/lxml-5.2.1-pp310-pypy310_pp73-win_amd64.whl", hash = "sha256:533658f8fbf056b70e434dff7e7aa611bcacb33e01f75de7f821810e48d1bb66"},
    {url = "https://files.pythonhosted.org/packages/7c/66/143c54f139ff44456719c65ad173eee049b463c78a5e07e52406fb2e17d6/lxml-5.2.1-cp36-cp36m-musllinux_1_1_s390x.whl", hash = "sha256:0c3f67e2aeda739d1cc0b1102c9a9129f7dc83901226cc24dd72ba275ced4218"},
    {url = "https://files.pythonhosted.org/packages/7c/f7/72837aa74290ca195d9d20e81cf1aacb40ba743979ff18c60c3520af21b5/lxml-5.2.1-pp37-pypy37_pp73-win_amd64.whl", hash = "sha256:d38c8f50ecf57f0463399569aa388b232cf1a2ffb8f0a9a5412d0db57e054860"},
    {url = "https://files.pythonhosted.org/packages/80/60/0319b693f8bfa9099848a4c735d20712a1c3720780c83a3a080558d48831/lxml-5.2.1-cp36-cp36m-manylinux_2_17_x86_64.manylinux2014_x86_64.whl", hash = "sha256:5670fb70a828663cc37552a2a85bf2ac38475572b0e9b91283dc09efb52c41d1"},
    {url = "https://files.pythonhosted.org/packages/81/1f/e12a636859b5bfbecb723df180be24ebd4e4e890a87db803867f55e8010e/lxml-5.2.1-pp37-pypy37_pp73-manylinux_2_17_x86_64.manylinux2014_x86_64.whl", hash = "sha256:9c6ad0fbf105f6bcc9300c00010a2ffa44ea6f555df1a2ad95c88f5656104817"},
    {url = "https://files.pythonhosted.org/packages/84/4c/195f220dd20814df9adfa6128fa824573efad59fbca0c33fc3890eb0e5a5/lxml-5.2.1-cp312-cp312-manylinux_2_28_s390x.whl", hash = "sha256:68a2610dbe138fa8c5826b3f6d98a7cfc29707b850ddcc3e21910a6fe51f6ca0"},
    {url = "https://files.pythonhosted.org/packages/84/b2/5bfd28ad4029cd588703887486a24ca86f978940348de53b3e8ce0611c5a/lxml-5.2.1-pp39-pypy39_pp73-macosx_10_9_x86_64.whl", hash = "sha256:a0af35bd8ebf84888373630f73f24e86bf016642fb8576fba49d3d6b560b7cbc"},
    {url = "https://files.pythonhosted.org/packages/85/c5/4366584fb4f252f08b0ddd5a0dee672ca090931183dfaf6771e3b81a5bb2/lxml-5.2.1-pp310-pypy310_pp73-macosx_10_9_x86_64.whl", hash = "sha256:9b0ff53900566bc6325ecde9181d89afadc59c5ffa39bddf084aaedfe3b06a11"},
    {url = "https://files.pythonhosted.org/packages/88/d5/b58abe5119b9c5d7b64855c1949dff41f841e301c601d28cab1c7d44046e/lxml-5.2.1-cp311-cp311-win32.whl", hash = "sha256:4951e4f7a5680a2db62f7f4ab2f84617674d36d2d76a729b9a8be4b59b3659be"},
    {url = "https://files.pythonhosted.org/packages/89/e1/034ec25e004f4e5ac22e25cd328eb05a833ca590bd1176897793389ac75c/lxml-5.2.1-cp37-cp37m-musllinux_1_1_ppc64le.whl", hash = "sha256:74b28c6334cca4dd704e8004cba1955af0b778cf449142e581e404bd211fb619"},
    {url = "https://files.pythonhosted.org/packages/8c/93/365779368884fb225ad6ecb9e1489aa0c8ed6287e09824df2f46bd4c305d/lxml-5.2.1-cp39-cp39-musllinux_1_1_ppc64le.whl", hash = "sha256:27aa20d45c2e0b8cd05da6d4759649170e8dfc4f4e5ef33a34d06f2d79075d57"},
    {url = "https://files.pythonhosted.org/packages/90/d6/09b3079ee9e6c1b666c641b6ecba43a2155837114e7f568d459bc4633d59/lxml-5.2.1-cp38-cp38-musllinux_1_1_x86_64.whl", hash = "sha256:bf2e2458345d9bffb0d9ec16557d8858c9c88d2d11fed53998512504cd9df49b"},
    {url = "https://files.pythonhosted.org/packages/91/c7/05a3e75143d783f2731e31929ceec6e408d3152bc5ecf24e9f6a16a438e8/lxml-5.2.1-cp310-cp310-win_amd64.whl", hash = "sha256:da052e7962ea2d5e5ef5bc0355d55007407087392cf465b7ad84ce5f3e25fe0f"},
    {url = "https://files.pythonhosted.org/packages/93/21/308bb596e63dcc51f66b501c525aa0eaf96954a586c8d391624cd8323893/lxml-5.2.1-cp310-cp310-musllinux_1_2_ppc64le.whl", hash = "sha256:a7baf9ffc238e4bf401299f50e971a45bfcc10a785522541a6e3179c83eabf0a"},
    {url = "https://files.pythonhosted.org/packages/94/63/3fb6513259a541650a9a0cd6cbeec93202f078892b513709cad11aab6803/lxml-5.2.1-cp311-cp311-manylinux_2_17_s390x.manylinux2014_s390x.whl", hash = "sha256:5d077bc40a1fe984e1a9931e801e42959a1e6598edc8a3223b061d30fbd26bbc"},
    {url = "https://files.pythonhosted.org/packages/95/4c/fc5e63fb41e867f530a70519e1bcab0c14e84a95aa659f697bc97531be96/lxml-5.2.1-cp311-cp311-macosx_10_9_x86_64.whl", hash = "sha256:1ae67b4e737cddc96c99461d2f75d218bdf7a0c3d3ad5604d1f5e7464a2f9ffe"},
    {url = "https://files.pythonhosted.org/packages/9b/6e/623a6717565ad1a86f687b1d904e049f0df9ef20f46f603622ae47349adf/lxml-5.2.1-cp38-cp38-musllinux_1_2_aarch64.whl", hash = "sha256:58278b29cb89f3e43ff3e0c756abbd1518f3ee6adad9e35b51fb101c1c1daaec"},
    {url = "https://files.pythonhosted.org/packages/9b/83/08d9589fd8067ff4a50af5debc4da58d15fea483aefddf52242dc00e4d26/lxml-5.2.1-cp38-cp38-macosx_10_9_x86_64.whl", hash = "sha256:804f74efe22b6a227306dd890eecc4f8c59ff25ca35f1f14e7482bbce96ef10b"},
    {url = "https://files.pythonhosted.org/packages/9c/81/cca70c416063636dd8862f04cf96548175b05cf8c1e29d0c6787d0c250d5/lxml-5.2.1-cp311-cp311-musllinux_1_2_s390x.whl", hash = "sha256:a8d5c70e04aac1eda5c829a26d1f75c6e5286c74743133d9f742cda8e53b9c2f"},
    {url = "https://files.pythonhosted.org/packages/9f/a8/7bba1c551897fb23f1b63be9eda79d98ba37e9868c493e45543905f5984f/lxml-5.2.1-cp38-cp38-win32.whl", hash = "sha256:66bc5eb8a323ed9894f8fa0ee6cb3e3fb2403d99aee635078fd19a8bc7a5a5da"},
    {url = "https://files.pythonhosted.org/packages/9f/f1/2ba4c682351b00596b0fe9fba7476f2fc86452d5662249306dfb9005383b/lxml-5.2.1-pp37-pypy37_pp73-manylinux_2_28_x86_64.whl", hash = "sha256:6a014510830df1475176466b6087fc0c08b47a36714823e58d8b8d7709132a96"},
    {url = "https://files.pythonhosted.org/packages/a0/04/506a4b8ebdba7e2c19624fbb555ea329e5ddf5c6132d5ae772c5ba258333/lxml-5.2.1-cp38-cp38-musllinux_1_2_x86_64.whl", hash = "sha256:11a04306fcba10cd9637e669fd73aa274c1c09ca64af79c041aa820ea992b637"},
    {url = "https://files.pythonhosted.org/packages/a2/d6/a3273065191cf9c0e89b8f20885f6b695cb9b5e9c6715fa7490675260bb4/lxml-5.2.1-pp37-pypy37_pp73-manylinux_2_28_aarch64.whl", hash = "sha256:e233db59c8f76630c512ab4a4daf5a5986da5c3d5b44b8e9fc742f2a24dbd460"},
    {url = "https://files.pythonhosted.org/packages/a5/de/7b28c65a1c83292b15811b5f5bb9614695626a0b90b5fe91fcccefd04600/lxml-5.2.1-cp37-cp37m-musllinux_1_2_s390x.whl", hash = "sha256:f443cdef978430887ed55112b491f670bba6462cea7a7742ff8f14b7abb98d75"},
    {url = "https://files.pythonhosted.org/packages/a5/e6/fbe182c09f81673e8242e0a0ed8c345cc14fbba1bfdf6ea0a09fcb89f431/lxml-5.2.1-cp312-cp312-manylinux_2_17_ppc64le.manylinux2014_ppc64le.whl", hash = "sha256:0e7259016bc4345a31af861fdce942b77c99049d6c2107ca07dc2bba2435c1d9"},
    {url = "https://files.pythonhosted.org/packages/a6/76/0569b713b6eade2c73792d2325705fe34585af7a98d26ac2b59a80045c99/lxml-5.2.1-cp312-cp312-musllinux_1_2_x86_64.whl", hash = "sha256:491755202eb21a5e350dae00c6d9a17247769c64dcf62d8c788b5c135e179dc4"},
    {url = "https://files.pythonhosted.org/packages/a7/86/4d1d4013dddc1a9844413f6ee89d3384ae90ef7f43dfbf0ed649092f376b/lxml-5.2.1-cp38-cp38-win_amd64.whl", hash = "sha256:9676bfc686fa6a3fa10cd4ae6b76cae8be26eb5ec6811d2a325636c460da1806"},
    {url = "https://files.pythonhosted.org/packages/a8/05/adc662e205ae4465c37f2237e4385ea6031f883d997e908adab87faa9407/lxml-5.2.1-cp39-cp39-musllinux_1_1_s390x.whl", hash = "sha256:d4f2cc7060dc3646632d7f15fe68e2fa98f58e35dd5666cd525f3b35d3fed7f8"},
    {url = "https://files.pythonhosted.org/packages/a9/ac/dc3a108816d8f9b204e99f581db48aa0072bdca05e111d80ae5df70920e0/lxml-5.2.1-cp39-cp39-musllinux_1_2_ppc64le.whl", hash = "sha256:52421b41ac99e9d91934e4d0d0fe7da9f02bfa7536bb4431b4c05c906c8c6919"},
    {url = "https://files.pythonhosted.org/packages/a9/c4/dc5ab594f0b8f51b819c98e8a15994dfe36160d031061894e2294edd2e64/lxml-5.2.1-pp38-pypy38_pp73-manylinux_2_17_aarch64.manylinux2014_aarch64.whl", hash = "sha256:ff097ae562e637409b429a7ac958a20aab237a0378c42dabaa1e3abf2f896e5f"},
    {url = "https://files.pythonhosted.org/packages/ab/42/6b1c3cc3310c291c2f4a576c6ce67ba712b0c777809355c8fcc5c28f5239/lxml-5.2.1-cp312-cp312-manylinux_2_17_x86_64.manylinux2014_x86_64.whl", hash = "sha256:59689a75ba8d7ffca577aefd017d08d659d86ad4585ccc73e43edbfc7476781a"},
    {url = "https://files.pythonhosted.org/packages/ac/9b/f97fac2e2bacbc91d1a15f24e3bdbb52e418591109393144a943bd502d2c/lxml-5.2.1-cp312-cp312-manylinux_2_28_x86_64.whl", hash = "sha256:f0a1bc63a465b6d72569a9bba9f2ef0334c4e03958e043da1920299100bc7c08"},
    {url = "https://files.pythonhosted.org/packages/af/ac/fa3d31d9a5889814b49c8bfaecdc922431a5756d28b9209bc9e4ce239766/lxml-5.2.1-cp311-cp311-musllinux_1_1_aarch64.whl", hash = "sha256:dae0ed02f6b075426accbf6b2863c3d0a7eacc1b41fb40f2251d931e50188dad"},
    {url = "https://files.pythonhosted.org/packages/b0/ad/6ed93d24ec2a8ca0886e6ea24f096f72f417d785debbd6204daf1528399e/lxml-5.2.1-cp39-cp39-manylinux_2_28_s390x.whl", hash = "sha256:588008b8497667f1ddca7c99f2f85ce8511f8f7871b4a06ceede68ab62dff64b"},
    {url = "https://files.pythonhosted.org/packages/b1/ee/91b260391e4580140c732c7a2de4e6845b985f410401fce5bddd568cc065/lxml-5.2.1-cp310-cp310-musllinux_1_1_x86_64.whl", hash = "sha256:a91481dbcddf1736c98a80b122afa0f7296eeb80b72344d7f45dc9f781551f56"},
    {url = "https://files.pythonhosted.org/packages/b2/91/1a648a4ae84b072e869c3d1c5d4187130d2f91fa1e5329845fefad2da4bc/lxml-5.2.1-cp37-cp37m-win32.whl", hash = "sha256:f51969bac61441fd31f028d7b3b45962f3ecebf691a510495e5d2cd8c8092dbd"},
    {url = "https://files.pythonhosted.org/packages/b6/f1/07d724e3a9e03d345255a442daa8449ee6c2db250b3d19cb56a1cafecbd8/lxml-5.2.1-cp312-cp312-musllinux_1_1_ppc64le.whl", hash = "sha256:79bd05260359170f78b181b59ce871673ed01ba048deef4bf49a36ab3e72e80b"},
    {url = "https://files.pythonhosted.org/packages/b8/93/768dabd4032e15dc6e7ca6767c132685545b7b0e12549dfa923fd00002bd/lxml-5.2.1-cp36-cp36m-manylinux_2_5_x86_64.manylinux1_x86_64.whl", hash = "sha256:b6241d4eee5f89453307c2f2bfa03b50362052ca0af1efecf9fef9a41a22bb4f"},
    {url = "https://files.pythonhosted.org/packages/bc/71/c47ae309bbdd59b9552b3cbc0438c281575d150616d609f4405d0572d541/lxml-5.2.1-cp38-cp38-musllinux_1_1_aarch64.whl", hash = "sha256:adfb84ca6b87e06bc6b146dc7da7623395db1e31621c4785ad0658c5028b37d7"},
    {url = "https://files.pythonhosted.org/packages/bc/78/3252dbd90610bcd84f40cd5cd12ee134fe2de535c59b598ae2b4819b33d9/lxml-5.2.1-cp38-cp38-musllinux_1_1_s390x.whl", hash = "sha256:a2dfe7e2473f9b59496247aad6e23b405ddf2e12ef0765677b0081c02d6c2c0b"},
    {url = "https://files.pythonhosted.org/packages/bd/87/347015307267c80af96ed344d8684d6b38e40e975b4f6a4f0d310c5a67e6/lxml-5.2.1-pp38-pypy38_pp73-manylinux_2_28_x86_64.whl", hash = "sha256:e32be23d538753a8adb6c85bd539f5fd3b15cb987404327c569dfc5fd8366e85"},
    {url = "https://files.pythonhosted.org/packages/be/c3/1765e019344d3f042dfe750eb9a424c0ea2fd43deb6b2ac176b5603a436e/lxml-5.2.1-cp311-cp311-manylinux_2_28_x86_64.whl", hash = "sha256:200e63525948e325d6a13a76ba2911f927ad399ef64f57898cf7c74e69b71095"},
    {url = "https://files.pythonhosted.org/packages/c1/87/160150514e88a42523323a8bab8a37458b06f9dee9f85aa3d02dc973b66a/lxml-5.2.1-cp37-cp37m-musllinux_1_2_ppc64le.whl", hash = "sha256:6ab833e4735a7e5533711a6ea2df26459b96f9eec36d23f74cafe03631647c41"},
    {url = "https://files.pythonhosted.org/packages/c6/d1/9a77d9eb8baca455ab3a07ac6356bb78fe9cf5af1420561ef5377b3f6050/lxml-5.2.1-cp37-cp37m-manylinux_2_28_x86_64.whl", hash = "sha256:6cf58416653c5901e12624e4013708b6e11142956e7f35e7a83f1ab02f3fe456"},
    {url = "https://files.pythonhosted.org/packages/c7/d7/19420ca74ecaa1f579542f9218150a9d8e09fbe3bc42cff48b5fd79e5642/lxml-5.2.1-cp39-cp39-manylinux_2_17_x86_64.manylinux2014_x86_64.whl", hash = "sha256:cc4691d60512798304acb9207987e7b2b7c44627ea88b9d77489bbe3e6cc3bd4"},
    {url = "https://files.pythonhosted.org/packages/c9/a5/1da8aa6afdffbd7de38af0ba3cd92e7f3f9653266407b4c66b9606c0137d/lxml-5.2.1-cp39-cp39-musllinux_1_1_aarch64.whl", hash = "sha256:7c17b64b0a6ef4e5affae6a3724010a7a66bda48a62cfe0674dabd46642e8b54"},
    {url = "https://files.pythonhosted.org/packages/ce/45/6671c6b930eaccab9442b7d89832ae986a52fbe7956d1ed7726aa503fc9c/lxml-5.2.1-cp39-cp39-musllinux_1_2_x86_64.whl", hash = "sha256:0ed777c1e8c99b63037b91f9d73a6aad20fd035d77ac84afcc205225f8f41188"},
    {url = "https://files.pythonhosted.org/packages/ce/e0/26b5ea71fce2c2a8b0ca590000a4923be4bade5733a19d9a1e8e25e899d8/lxml-5.2.1-cp310-cp310-musllinux_1_1_s390x.whl", hash = "sha256:3545039fa4779be2df51d6395e91a810f57122290864918b172d5dc7ca5bb433"},
    {url = "https://files.pythonhosted.org/packages/d0/f1/3a0bd5064c764966e5d1dd0e75048960a7f38c833422ff5e10c8f4ad8363/lxml-5.2.1-cp312-cp312-manylinux_2_28_aarch64.whl", hash = "sha256:f9737bf36262046213a28e789cc82d82c6ef19c85a0cf05e75c670a33342ac2c"},
    {url = "https://files.pythonhosted.org/packages/d2/35/2b6b1dabbecd6772e22f69b6f03fd079ca491e6a22ba7e52c41719d0f8f6/lxml-5.2.1-cp310-cp310-musllinux_1_2_aarch64.whl", hash = "sha256:2ddfe41ddc81f29a4c44c8ce239eda5ade4e7fc305fb7311759dd6229a080052"},
    {url = "https://files.pythonhosted.org/packages/d5/51/4da13be7cef449dfc1f1e0ea1782330b0286c7f28a3fa39fb1ba3a979088/lxml-5.2.1-pp37-pypy37_pp73-manylinux_2_17_aarch64.manylinux2014_aarch64.whl", hash = "sha256:efa7b51824aa0ee957ccd5a741c73e6851de55f40d807f08069eb4c5a26b2baa"},
    {url = "https://files.pythonhosted.org/packages/d9/f7/5adb745debebb65735b1475c77e9f6d08dfc616123ca2635ac3913a336ea/lxml-5.2.1-pp39-pypy39_pp73-manylinux_2_28_aarch64.whl", hash = "sha256:c8ba129e6d3b0136a0f50345b2cb3db53f6bda5dd8c7f5d83fbccba97fb5dcb5"},
    {url = "https://files.pythonhosted.org/packages/db/54/ba315f949d92d8936436351739fe1309b4400386bc77f4ef0254abc8398d/lxml-5.2.1-cp310-cp310-manylinux_2_28_s390x.whl", hash = "sha256:bcbf4af004f98793a95355980764b3d80d47117678118a44a80b721c9913436a"},
    {url = "https://files.pythonhosted.org/packages/db/9b/0d26a0f9dcb8f80b84d23f127b4d2644339e55377ee8ab8e9be7a9d575d8/lxml-5.2.1-cp311-cp311-manylinux_2_17_ppc64le.manylinux2014_ppc64le.whl", hash = "sha256:394ed3924d7a01b5bd9a0d9d946136e1c2f7b3dc337196d99e61740ed4bc6fe1"},
    {url = "https://files.pythonhosted.org/packages/dd/14/25438649e4099c0eff22103f0d2a77549c86a47cab97ebec70b86fced35d/lxml-5.2.1-cp37-cp37m-musllinux_1_2_x86_64.whl", hash = "sha256:9e2addd2d1866fe112bc6f80117bcc6bc25191c5ed1bfbcf9f1386a884252ae8"},
    {url = "https://files.pythonhosted.org/packages/dd/9b/917d6d339207134d9b5f1b6c707c5ff23f85383fca27e574dd13b5bbd724/lxml-5.2.1-cp36-cp36m-manylinux_2_12_i686.manylinux2010_i686.manylinux_2_17_i686.manylinux2014_i686.whl", hash = "sha256:c38d7b9a690b090de999835f0443d8aa93ce5f2064035dfc48f27f02b4afc3d0"},
    {url = "https://files.pythonhosted.org/packages/df/c5/8b05e69685b48cf11b596fbdd466f76cb3c1e3efe0361d8be0edb9df0325/lxml-5.2.1-cp311-cp311-win_amd64.whl", hash = "sha256:5c670c0406bdc845b474b680b9a5456c561c65cf366f8db5a60154088c92d102"},
    {url = "https://files.pythonhosted.org/packages/e0/7f/5b6096dbbe22e0062e6464350961bd979911036d5080569d99ac2a0d600f/lxml-5.2.1-cp38-cp38-manylinux_2_28_aarch64.whl", hash = "sha256:b560e3aa4b1d49e0e6c847d72665384db35b2f5d45f8e6a5c0072e0283430533"},
    {url = "https://files.pythonhosted.org/packages/e2/d1/2fabdeec760771fd0d71610c4d54a23b22fa980608c0e20a0b224aee297d/lxml-5.2.1-pp310-pypy310_pp73-manylinux_2_17_x86_64.manylinux2014_x86_64.whl", hash = "sha256:8b9c07e7a45bb64e21df4b6aa623cb8ba214dfb47d2027d90eac197329bb5e94"},
    {url = "https://files.pythonhosted.org/packages/e4/b5/379aaae618fe2f74584d0227a6a41fbe365ae8b096de5f6fad0de5be94d3/lxml-5.2.1-cp312-cp312-musllinux_1_1_aarch64.whl", hash = "sha256:c2d35a1d047efd68027817b32ab1586c1169e60ca02c65d428ae815b593e65d4"},
    {url = "https://files.pythonhosted.org/packages/e5/56/8c4a707c7338d1d6bf0c98bbeffed01988f0fc16a9938581f3c0ccc13281/lxml-5.2.1-cp36-cp36m-win_amd64.whl", hash = "sha256:59565f10607c244bc4c05c0c5fa0c190c990996e0c719d05deec7030c2aa8289"},
    {url = "https://files.pythonhosted.org/packages/e8/af/fb093dc0f2b10e66d829764117d4188de15fea7ac33a6956be5d03048df9/lxml-5.2.1-cp312-cp312-musllinux_1_2_aarch64.whl", hash = "sha256:71e97313406ccf55d32cc98a533ee05c61e15d11b99215b237346171c179c0b0"},
    {url = "https://files.pythonhosted.org/packages/e9/07/01eaac54100cd7ccd77f8bd1e1e15b7c1d0351d59f1f4ca716e91230580f/lxml-5.2.1-pp39-pypy39_pp73-manylinux_2_28_x86_64.whl", hash = "sha256:e998e304036198b4f6914e6a1e2b6f925208a20e2042563d9734881150c6c246"},
    {url = "https://files.pythonhosted.org/packages/ea/e2/3834472e7f18801e67a3cd6f3c203a5456d6f7f903cfb9a990e62098a2f3/lxml-5.2.1.tar.gz", hash = "sha256:3f7765e69bbce0906a7c74d5fe46d2c7a7596147318dbc08e4a2431f3060e306"},
    {url = "https://files.pythonhosted.org/packages/ee/ba/b2a48cb322018e7d52d071b87811c7d860279afbb8ee7e6bcbfcced0856d/lxml-5.2.1-cp36-cp36m-musllinux_1_1_x86_64.whl", hash = "sha256:5d5792e9b3fb8d16a19f46aa8208987cfeafe082363ee2745ea8b643d9cc5b45"},
    {url = "https://files.pythonhosted.org/packages/f1/cb/c34a95ce457998079fce78da490f3dfa96adf30fc34e7adf56f2c99942d5/lxml-5.2.1-cp310-cp310-manylinux_2_12_i686.manylinux2010_i686.manylinux_2_17_i686.manylinux2014_i686.whl", hash = "sha256:794f04eec78f1d0e35d9e0c36cbbb22e42d370dda1609fb03bcd7aeb458c6377"},
    {url = "https://files.pythonhosted.org/packages/f2/17/f18e0f42098b24fb06009108dd7421073568b923827d4ecfcbff25cf54de/lxml-5.2.1-cp38-cp38-manylinux_2_17_x86_64.manylinux2014_x86_64.whl", hash = "sha256:e3d30321949861404323c50aebeb1943461a67cd51d4200ab02babc58bd06a86"},
    {url = "https://files.pythonhosted.org/packages/f4/f8/70adbed8026a18a9bc0f5800e89715a3e55130503e2f36829638da28f380/lxml-5.2.1-pp310-pypy310_pp73-manylinux_2_28_x86_64.whl", hash = "sha256:f42038016852ae51b4088b2862126535cc4fc85802bfe30dea3500fdfaf1864e"},
    {url = "https://files.pythonhosted.org/packages/f5/81/9b636fc6d9b7e5fd42c8e493d381d12a7d29a2d0dd6f580cacfcacde96aa/lxml-5.2.1-cp38-cp38-manylinux_2_12_i686.manylinux2010_i686.manylinux_2_17_i686.manylinux2014_i686.whl", hash = "sha256:08802f0c56ed150cc6885ae0788a321b73505d2263ee56dad84d200cab11c07a"},
    {url = "https://files.pythonhosted.org/packages/f5/b2/eae0826c0250ddf6f3397d9f72a8922997aa22c306e05488709a8a6cf205/lxml-5.2.1-cp311-cp311-musllinux_1_2_ppc64le.whl", hash = "sha256:8e77c69d5892cb5ba71703c4057091e31ccf534bd7f129307a4d084d90d014b8"},
    {url = "https://files.pythonhosted.org/packages/f5/bf/9a428b484740f40f2589a0ecf19f4fa37d7ded0fa284dcb3fd8bbc2b0a90/lxml-5.2.1-cp39-cp39-manylinux_2_17_ppc64le.manylinux2014_ppc64le.whl", hash = "sha256:ddc678fb4c7e30cf830a2b5a8d869538bc55b28d6c68544d09c7d0d8f17694dc"},
    {url = "https://files.pythonhosted.org/packages/f7/8b/e1c358b286fbfc75b233fdf62966d3db8305e65d762460c37e03d92e3050/lxml-5.2.1-pp38-pypy38_pp73-win_amd64.whl", hash = "sha256:cc518cea79fd1e2f6c90baafa28906d4309d24f3a63e801d855e7424c5b34144"},
    {url = "https://files.pythonhosted.org/packages/f8/05/0b308e7a470f96d3d98e71043f2d6e62458eb3bcc1cb402a193bae2eb786/lxml-5.2.1-cp312-cp312-macosx_10_9_universal2.whl", hash = "sha256:abc25c3cab9ec7fcd299b9bcb3b8d4a1231877e425c650fa1c7576c5107ab851"},
    {url = "https://files.pythonhosted.org/packages/fa/49/b430692c850591cfa9b3b66864b4d03c806705374da977a6c37b4e2e621a/lxml-5.2.1-cp39-cp39-win_amd64.whl", hash = "sha256:9ca66b8e90daca431b7ca1408cae085d025326570e57749695d6a01454790e95"},
    {url = "https://files.pythonhosted.org/packages/fa/d9/f770b2220a6d6d33f4385a36a266c6967a112a960b8402cbb6850f74a0e4/lxml-5.2.1-cp311-cp311-manylinux_2_12_i686.manylinux2010_i686.manylinux_2_17_i686.manylinux2014_i686.whl", hash = "sha256:f18a5a84e16886898e51ab4b1d43acb3083c39b14c8caeb3589aabff0ee0b270"},
    {url = "https://files.pythonhosted.org/packages/fe/fc/80cbb04c8700727f5fa0ff0ee4c60b512285ccf3d3e02aed15d11d20f1af/lxml-5.2.1-cp36-cp36m-musllinux_1_2_aarch64.whl", hash = "sha256:88e22fc0a6684337d25c994381ed8a1580a6f5ebebd5ad41f89f663ff4ec2885"},
]
"pyexcel-ezodf 0.3.4" = [
    {url = "https://files.pythonhosted.org/packages/5b/fd/4a1583b47a7527669f5c9d45c031c3b4ae35a4cd34b2113ed98b1b9f1bce/pyexcel_ezodf-0.3.4-py2.py3-none-any.whl", hash = "sha256:a74ac7636a015fff31d35c5350dc5ad347ba98ecb453de4dbcbb9a9168434e8c"},
    {url = "https://files.pythonhosted.org/packages/a6/8d/aba802912a3ffbaf6c3ae7f3208206f0811b72e48adff86edd0f933bb9d7/pyexcel-ezodf-0.3.4.tar.gz", hash = "sha256:972eeea9b0e4bab60dfc5cdcb7378cc7ba5e070a0b7282746c0182c5de011ff1"},
]
"pyexcel-io 0.6.6" = [
    {url = "https://files.pythonhosted.org/packages/4f/e1/68ec0cfd9c2b165eb199e07aaaaacde5a92d4a5fd986560027037c9491a5/pyexcel_io-0.6.6-py2.py3-none-any.whl", hash = "sha256:19ff1d599a8a6c0982e4181ef86aa50e1f8d231410fa7e0e204d62e37551c1d6"},
    {url = "https://files.pythonhosted.org/packages/78/0d/8fea776e89e4b1657c818710623d55aa5807671bd7e04821efaee82bf847/pyexcel-io-0.6.6.tar.gz", hash = "sha256:f6084bf1afa5fbf4c61cf7df44370fa513821af188b02e3e19b5efb66d8a969f"},
]
"pyexcel-ods3 0.6.1" = [
    {url = "https://files.pythonhosted.org/packages/68/49/6fa598189a41f75f87b4fa964cdc185dade813d20c241266a790ad91bde5/pyexcel-ods3-0.6.1.tar.gz", hash = "sha256:53740fc9bc6e91e43cdc0ee4f557bb3b252d8493d34f2c11d26a93c53cfebc2e"},
    {url = "https://files.pythonhosted.org/packages/e2/e9/5b4e415f8afc0dcf6e238df02797e98f7ab92a587034c8c889a6c0d7ece8/pyexcel_ods3-0.6.1-py3-none-any.whl", hash = "sha256:ca61d139879349a5d4b0a241add6504474c59fa280d1804b76f56ee4ba30eb8b"},
]
