# This file is @generated by PDM.
# It is not intended for manual editing.

[metadata]
groups = ["default"]
strategy = ["cross_platform", "inherit_metadata"]
lock_version = "4.4.1"
content_hash = "sha256:eac5017fa40bd934ade2c39cb8474d041505284e494b557e69ad0205ec033c05"

[[package]]
name = "isbnid"
version = "0.4.6"
summary = "Python ISBN ids"
groups = ["default"]
files = [
    {file = "isbnid-0.4.6.tar.gz", hash = "sha256:2b2f9868b4a9ccb701b198a7839765bde852a5b790407fed5da2a518ea6608ce"},
]

[[package]]
name = "lml"
version = "0.1.0"
summary = "Load me later. A lazy plugin management system."
groups = ["default"]
files = [
    {file = "lml-0.1.0-py2.py3-none-any.whl", hash = "sha256:ec06e850019942a485639c8c2a26bdb99eae24505bee7492b649df98a0bed101"},
    {file = "lml-0.1.0.tar.gz", hash = "sha256:57a085a29bb7991d70d41c6c3144c560a8e35b4c1030ffb36d85fa058773bcc5"},
]

[[package]]
name = "lxml"
version = "5.2.1"
requires_python = ">=3.6"
summary = "Powerful and Pythonic XML processing library combining libxml2/libxslt with the ElementTree API."
groups = ["default"]
files = [
    {file = "lxml-5.2.1-cp312-cp312-macosx_10_9_universal2.whl", hash = "sha256:abc25c3cab9ec7fcd299b9bcb3b8d4a1231877e425c650fa1c7576c5107ab851"},
    {file = "lxml-5.2.1-cp312-cp312-macosx_10_9_x86_64.whl", hash = "sha256:6935bbf153f9a965f1e07c2649c0849d29832487c52bb4a5c5066031d8b44fd5"},
    {file = "lxml-5.2.1-cp312-cp312-manylinux_2_12_i686.manylinux2010_i686.manylinux_2_17_i686.manylinux2014_i686.whl", hash = "sha256:d793bebb202a6000390a5390078e945bbb49855c29c7e4d56a85901326c3b5d9"},
    {file = "lxml-5.2.1-cp312-cp312-manylinux_2_17_aarch64.manylinux2014_aarch64.whl", hash = "sha256:afd5562927cdef7c4f5550374acbc117fd4ecc05b5007bdfa57cc5355864e0a4"},
    {file = "lxml-5.2.1-cp312-cp312-manylinux_2_17_ppc64le.manylinux2014_ppc64le.whl", hash = "sha256:0e7259016bc4345a31af861fdce942b77c99049d6c2107ca07dc2bba2435c1d9"},
    {file = "lxml-5.2.1-cp312-cp312-manylinux_2_17_s390x.manylinux2014_s390x.whl", hash = "sha256:530e7c04f72002d2f334d5257c8a51bf409db0316feee7c87e4385043be136af"},
    {file = "lxml-5.2.1-cp312-cp312-manylinux_2_17_x86_64.manylinux2014_x86_64.whl", hash = "sha256:59689a75ba8d7ffca577aefd017d08d659d86ad4585ccc73e43edbfc7476781a"},
    {file = "lxml-5.2.1-cp312-cp312-manylinux_2_28_aarch64.whl", hash = "sha256:f9737bf36262046213a28e789cc82d82c6ef19c85a0cf05e75c670a33342ac2c"},
    {file = "lxml-5.2.1-cp312-cp312-manylinux_2_28_ppc64le.whl", hash = "sha256:3a74c4f27167cb95c1d4af1c0b59e88b7f3e0182138db2501c353555f7ec57f4"},
    {file = "lxml-5.2.1-cp312-cp312-manylinux_2_28_s390x.whl", hash = "sha256:68a2610dbe138fa8c5826b3f6d98a7cfc29707b850ddcc3e21910a6fe51f6ca0"},
    {file = "lxml-5.2.1-cp312-cp312-manylinux_2_28_x86_64.whl", hash = "sha256:f0a1bc63a465b6d72569a9bba9f2ef0334c4e03958e043da1920299100bc7c08"},
    {file = "lxml-5.2.1-cp312-cp312-musllinux_1_1_aarch64.whl", hash = "sha256:c2d35a1d047efd68027817b32ab1586c1169e60ca02c65d428ae815b593e65d4"},
    {file = "lxml-5.2.1-cp312-cp312-musllinux_1_1_ppc64le.whl", hash = "sha256:79bd05260359170f78b181b59ce871673ed01ba048deef4bf49a36ab3e72e80b"},
    {file = "lxml-5.2.1-cp312-cp312-musllinux_1_1_s390x.whl", hash = "sha256:865bad62df277c04beed9478fe665b9ef63eb28fe026d5dedcb89b537d2e2ea6"},
    {file = "lxml-5.2.1-cp312-cp312-musllinux_1_1_x86_64.whl", hash = "sha256:44f6c7caff88d988db017b9b0e4ab04934f11e3e72d478031efc7edcac6c622f"},
    {file = "lxml-5.2.1-cp312-cp312-musllinux_1_2_aarch64.whl", hash = "sha256:71e97313406ccf55d32cc98a533ee05c61e15d11b99215b237346171c179c0b0"},
    {file = "lxml-5.2.1-cp312-cp312-musllinux_1_2_ppc64le.whl", hash = "sha256:057cdc6b86ab732cf361f8b4d8af87cf195a1f6dc5b0ff3de2dced242c2015e0"},
    {file = "lxml-5.2.1-cp312-cp312-musllinux_1_2_s390x.whl", hash = "sha256:f3bbbc998d42f8e561f347e798b85513ba4da324c2b3f9b7969e9c45b10f6169"},
    {file = "lxml-5.2.1-cp312-cp312-musllinux_1_2_x86_64.whl", hash = "sha256:491755202eb21a5e350dae00c6d9a17247769c64dcf62d8c788b5c135e179dc4"},
    {file = "lxml-5.2.1-cp312-cp312-win32.whl", hash = "sha256:8de8f9d6caa7f25b204fc861718815d41cbcf27ee8f028c89c882a0cf4ae4134"},
    {file = "lxml-5.2.1-cp312-cp312-win_amd64.whl", hash = "sha256:f2a9efc53d5b714b8df2b4b3e992accf8ce5bbdfe544d74d5c6766c9e1146a3a"},
    {file = "lxml-5.2.1-pp310-pypy310_pp73-macosx_10_9_x86_64.whl", hash = "sha256:9b0ff53900566bc6325ecde9181d89afadc59c5ffa39bddf084aaedfe3b06a11"},
    {file = "lxml-5.2.1-pp310-pypy310_pp73-manylinux_2_17_aarch64.manylinux2014_aarch64.whl", hash = "sha256:fd6037392f2d57793ab98d9e26798f44b8b4da2f2464388588f48ac52c489ea1"},
    {file = "lxml-5.2.1-pp310-pypy310_pp73-manylinux_2_17_x86_64.manylinux2014_x86_64.whl", hash = "sha256:8b9c07e7a45bb64e21df4b6aa623cb8ba214dfb47d2027d90eac197329bb5e94"},
    {file = "lxml-5.2.1-pp310-pypy310_pp73-manylinux_2_28_aarch64.whl", hash = "sha256:3249cc2989d9090eeac5467e50e9ec2d40704fea9ab72f36b034ea34ee65ca98"},
    {file = "lxml-5.2.1-pp310-pypy310_pp73-manylinux_2_28_x86_64.whl", hash = "sha256:f42038016852ae51b4088b2862126535cc4fc85802bfe30dea3500fdfaf1864e"},
    {file = "lxml-5.2.1-pp310-pypy310_pp73-win_amd64.whl", hash = "sha256:533658f8fbf056b70e434dff7e7aa611bcacb33e01f75de7f821810e48d1bb66"},
    {file = "lxml-5.2.1-pp37-pypy37_pp73-macosx_10_9_x86_64.whl", hash = "sha256:622020d4521e22fb371e15f580d153134bfb68d6a429d1342a25f051ec72df1c"},
    {file = "lxml-5.2.1-pp37-pypy37_pp73-manylinux_2_17_aarch64.manylinux2014_aarch64.whl", hash = "sha256:efa7b51824aa0ee957ccd5a741c73e6851de55f40d807f08069eb4c5a26b2baa"},
    {file = "lxml-5.2.1-pp37-pypy37_pp73-manylinux_2_17_x86_64.manylinux2014_x86_64.whl", hash = "sha256:9c6ad0fbf105f6bcc9300c00010a2ffa44ea6f555df1a2ad95c88f5656104817"},
    {file = "lxml-5.2.1-pp37-pypy37_pp73-manylinux_2_28_aarch64.whl", hash = "sha256:e233db59c8f76630c512ab4a4daf5a5986da5c3d5b44b8e9fc742f2a24dbd460"},
    {file = "lxml-5.2.1-pp37-pypy37_pp73-manylinux_2_28_x86_64.whl", hash = "sha256:6a014510830df1475176466b6087fc0c08b47a36714823e58d8b8d7709132a96"},
    {file = "lxml-5.2.1-pp37-pypy37_pp73-win_amd64.whl", hash = "sha256:d38c8f50ecf57f0463399569aa388b232cf1a2ffb8f0a9a5412d0db57e054860"},
    {file = "lxml-5.2.1-pp38-pypy38_pp73-macosx_10_9_x86_64.whl", hash = "sha256:5aea8212fb823e006b995c4dda533edcf98a893d941f173f6c9506126188860d"},
    {file = "lxml-5.2.1-pp38-pypy38_pp73-manylinux_2_17_aarch64.manylinux2014_aarch64.whl", hash = "sha256:ff097ae562e637409b429a7ac958a20aab237a0378c42dabaa1e3abf2f896e5f"},
    {file = "lxml-5.2.1-pp38-pypy38_pp73-manylinux_2_17_x86_64.manylinux2014_x86_64.whl", hash = "sha256:0f5d65c39f16717a47c36c756af0fb36144069c4718824b7533f803ecdf91138"},
    {file = "lxml-5.2.1-pp38-pypy38_pp73-manylinux_2_28_aarch64.whl", hash = "sha256:3d0c3dd24bb4605439bf91068598d00c6370684f8de4a67c2992683f6c309d6b"},
    {file = "lxml-5.2.1-pp38-pypy38_pp73-manylinux_2_28_x86_64.whl", hash = "sha256:e32be23d538753a8adb6c85bd539f5fd3b15cb987404327c569dfc5fd8366e85"},
    {file = "lxml-5.2.1-pp38-pypy38_pp73-win_amd64.whl", hash = "sha256:cc518cea79fd1e2f6c90baafa28906d4309d24f3a63e801d855e7424c5b34144"},
    {file = "lxml-5.2.1-pp39-pypy39_pp73-macosx_10_9_x86_64.whl", hash = "sha256:a0af35bd8ebf84888373630f73f24e86bf016642fb8576fba49d3d6b560b7cbc"},
    {file = "lxml-5.2.1-pp39-pypy39_pp73-manylinux_2_17_aarch64.manylinux2014_aarch64.whl", hash = "sha256:f8aca2e3a72f37bfc7b14ba96d4056244001ddcc18382bd0daa087fd2e68a354"},
    {file = "lxml-5.2.1-pp39-pypy39_pp73-manylinux_2_17_x86_64.manylinux2014_x86_64.whl", hash = "sha256:5ca1e8188b26a819387b29c3895c47a5e618708fe6f787f3b1a471de2c4a94d9"},
    {file = "lxml-5.2.1-pp39-pypy39_pp73-manylinux_2_28_aarch64.whl", hash = "sha256:c8ba129e6d3b0136a0f50345b2cb3db53f6bda5dd8c7f5d83fbccba97fb5dcb5"},
    {file = "lxml-5.2.1-pp39-pypy39_pp73-manylinux_2_28_x86_64.whl", hash = "sha256:e998e304036198b4f6914e6a1e2b6f925208a20e2042563d9734881150c6c246"},
    {file = "lxml-5.2.1-pp39-pypy39_pp73-win_amd64.whl", hash = "sha256:d3be9b2076112e51b323bdf6d5a7f8a798de55fb8d95fcb64bd179460cdc0704"},
    {file = "lxml-5.2.1.tar.gz", hash = "sha256:3f7765e69bbce0906a7c74d5fe46d2c7a7596147318dbc08e4a2431f3060e306"},
]

[[package]]
name = "pyexcel-ezodf"
version = "0.3.4"
summary = "A Python package to create/manipulate OpenDocumentFormat files"
groups = ["default"]
dependencies = [
    "lxml",
]
files = [
    {file = "pyexcel-ezodf-0.3.4.tar.gz", hash = "sha256:972eeea9b0e4bab60dfc5cdcb7378cc7ba5e070a0b7282746c0182c5de011ff1"},
    {file = "pyexcel_ezodf-0.3.4-py2.py3-none-any.whl", hash = "sha256:a74ac7636a015fff31d35c5350dc5ad347ba98ecb453de4dbcbb9a9168434e8c"},
]

[[package]]
name = "pyexcel-io"
version = "0.6.6"
requires_python = ">=3.6"
summary = "A python library to read and write structured data in csv, zipped csvformat and to/from databases"
groups = ["default"]
dependencies = [
    "lml>=0.0.4",
]
files = [
    {file = "pyexcel-io-0.6.6.tar.gz", hash = "sha256:f6084bf1afa5fbf4c61cf7df44370fa513821af188b02e3e19b5efb66d8a969f"},
    {file = "pyexcel_io-0.6.6-py2.py3-none-any.whl", hash = "sha256:19ff1d599a8a6c0982e4181ef86aa50e1f8d231410fa7e0e204d62e37551c1d6"},
]

[[package]]
name = "pyexcel-ods3"
version = "0.6.1"
requires_python = ">=3.6"
summary = "A wrapper library to read, manipulate and write data in ods format"
groups = ["default"]
dependencies = [
    "lxml",
    "pyexcel-ezodf>=0.3.3",
    "pyexcel-io>=0.6.2",
]
files = [
    {file = "pyexcel-ods3-0.6.1.tar.gz", hash = "sha256:53740fc9bc6e91e43cdc0ee4f557bb3b252d8493d34f2c11d26a93c53cfebc2e"},
    {file = "pyexcel_ods3-0.6.1-py3-none-any.whl", hash = "sha256:ca61d139879349a5d4b0a241add6504474c59fa280d1804b76f56ee4ba30eb8b"},
]
